github.com/LiaoSirui/hugo-orbit-theme v0.0.0-20170515130410-f89b1ee9a336 h1:y7CedwkJA6cadPCymeW+shAQe16dzR8VTjkPKTRA3OY=
github.com/LiaoSirui/hugo-orbit-theme v0.0.0-20170515130410-f89b1ee9a336/go.mod h1:I3tNZ5n6cxSwY7kXLAzl4ADRFCbO8O89gTu1GAvx/lA=
github.com/LiaoSirui/hugo-orbit-theme v0.0.0-20250721155357-43ec5a68690a h1:0JnqLbNZmagrgITPyneI1HypklVxd/H9i9tOsQxXY5s=
github.com/LiaoSirui/hugo-orbit-theme v0.0.0-20250721155357-43ec5a68690a/go.mod h1:I3tNZ5n6cxSwY7kXLAzl4ADRFCbO8O89gTu1GAvx/lA=
